// !$*UTF8*$!
{
	archiveVersion = 1;
	classes = {
	};
	objectVersion = 50;
	objects = {

/* Begin PBXBuildFile section */
		F91F5692239D28C0006E67BF /* MainViewController.swift in Sources */ = {isa = PBXBuildFile; fileRef = F91F5691239D28C0006E67BF /* MainViewController.swift */; };
		F91F5696239D2B00006E67BF /* MyNavigationController.swift in Sources */ = {isa = PBXBuildFile; fileRef = F91F5695239D2B00006E67BF /* MyNavigationController.swift */; };
		F94CA648239D20E0002E0FAF /* UserInterfaceStyleManager.swift in Sources */ = {isa = PBXBuildFile; fileRef = F94CA645239D20E0002E0FAF /* UserInterfaceStyleManager.swift */; };
		F94CA649239D20E0002E0FAF /* UserInterfaceStyleObserver.swift in Sources */ = {isa = PBXBuildFile; fileRef = F94CA646239D20E0002E0FAF /* UserInterfaceStyleObserver.swift */; };
		F94CA64A239D20E0002E0FAF /* WeakStyleObserver.swift in Sources */ = {isa = PBXBuildFile; fileRef = F94CA647239D20E0002E0FAF /* WeakStyleObserver.swift */; };
		F99579C5239BBFA4003A9F3B /* AppDelegate.swift in Sources */ = {isa = PBXBuildFile; fileRef = F99579C4239BBFA4003A9F3B /* AppDelegate.swift */; };
		F99579C7239BBFA4003A9F3B /* SceneDelegate.swift in Sources */ = {isa = PBXBuildFile; fileRef = F99579C6239BBFA4003A9F3B /* SceneDelegate.swift */; };
		F99579CC239BBFA5003A9F3B /* Main.storyboard in Resources */ = {isa = PBXBuildFile; fileRef = F99579CA239BBFA5003A9F3B /* Main.storyboard */; };
		F99579CE239BBFAB003A9F3B /* Assets.xcassets in Resources */ = {isa = PBXBuildFile; fileRef = F99579CD239BBFAB003A9F3B /* Assets.xcassets */; };
		F99579D1239BBFAB003A9F3B /* LaunchScreen.storyboard in Resources */ = {isa = PBXBuildFile; fileRef = F99579CF239BBFAB003A9F3B /* LaunchScreen.storyboard */; };
		F99579D9239C0C64003A9F3B /* SettingsViewController.swift in Sources */ = {isa = PBXBuildFile; fileRef = F99579D8239C0C64003A9F3B /* SettingsViewController.swift */; };
		F99579DB239C0C7A003A9F3B /* LightModeOnlyViewController.swift in Sources */ = {isa = PBXBuildFile; fileRef = F99579DA239C0C7A003A9F3B /* LightModeOnlyViewController.swift */; };
		F9A938C2239F2756007F4E63 /* KSRoundedCornerView.swift in Sources */ = {isa = PBXBuildFile; fileRef = F9A938C1239F2756007F4E63 /* KSRoundedCornerView.swift */; };
/* End PBXBuildFile section */

/* Begin PBXFileReference section */
		F91F5691239D28C0006E67BF /* MainViewController.swift */ = {isa = PBXFileReference; lastKnownFileType = sourcecode.swift; path = MainViewController.swift; sourceTree = "<group>"; };
		F91F5695239D2B00006E67BF /* MyNavigationController.swift */ = {isa = PBXFileReference; lastKnownFileType = sourcecode.swift; path = MyNavigationController.swift; sourceTree = "<group>"; };
		F94CA645239D20E0002E0FAF /* UserInterfaceStyleManager.swift */ = {isa = PBXFileReference; fileEncoding = 4; lastKnownFileType = sourcecode.swift; path = UserInterfaceStyleManager.swift; sourceTree = "<group>"; };
		F94CA646239D20E0002E0FAF /* UserInterfaceStyleObserver.swift */ = {isa = PBXFileReference; fileEncoding = 4; lastKnownFileType = sourcecode.swift; path = UserInterfaceStyleObserver.swift; sourceTree = "<group>"; };
		F94CA647239D20E0002E0FAF /* WeakStyleObserver.swift */ = {isa = PBXFileReference; fileEncoding = 4; lastKnownFileType = sourcecode.swift; path = WeakStyleObserver.swift; sourceTree = "<group>"; };
		F99579C1239BBFA4003A9F3B /* SwiftSenpai-Observer-In-App-Dark-Mode.app */ = {isa = PBXFileReference; explicitFileType = wrapper.application; includeInIndex = 0; path = "SwiftSenpai-Observer-In-App-Dark-Mode.app"; sourceTree = BUILT_PRODUCTS_DIR; };
		F99579C4239BBFA4003A9F3B /* AppDelegate.swift */ = {isa = PBXFileReference; lastKnownFileType = sourcecode.swift; path = AppDelegate.swift; sourceTree = "<group>"; };
		F99579C6239BBFA4003A9F3B /* SceneDelegate.swift */ = {isa = PBXFileReference; lastKnownFileType = sourcecode.swift; path = SceneDelegate.swift; sourceTree = "<group>"; };
		F99579CB239BBFA5003A9F3B /* Base */ = {isa = PBXFileReference; lastKnownFileType = file.storyboard; name = Base; path = Base.lproj/Main.storyboard; sourceTree = "<group>"; };
		F99579CD239BBFAB003A9F3B /* Assets.xcassets */ = {isa = PBXFileReference; lastKnownFileType = folder.assetcatalog; path = Assets.xcassets; sourceTree = "<group>"; };
		F99579D0239BBFAB003A9F3B /* Base */ = {isa = PBXFileReference; lastKnownFileType = file.storyboard; name = Base; path = Base.lproj/LaunchScreen.storyboard; sourceTree = "<group>"; };
		F99579D2239BBFAB003A9F3B /* Info.plist */ = {isa = PBXFileReference; lastKnownFileType = text.plist.xml; path = Info.plist; sourceTree = "<group>"; };
		F99579D8239C0C64003A9F3B /* SettingsViewController.swift */ = {isa = PBXFileReference; lastKnownFileType = sourcecode.swift; path = SettingsViewController.swift; sourceTree = "<group>"; };
		F99579DA239C0C7A003A9F3B /* LightModeOnlyViewController.swift */ = {isa = PBXFileReference; lastKnownFileType = sourcecode.swift; path = LightModeOnlyViewController.swift; sourceTree = "<group>"; };
		F9A938C1239F2756007F4E63 /* KSRoundedCornerView.swift */ = {isa = PBXFileReference; fileEncoding = 4; lastKnownFileType = sourcecode.swift; path = KSRoundedCornerView.swift; sourceTree = "<group>"; };
/* End PBXFileReference section */

/* Begin PBXFrameworksBuildPhase section */
		F99579BE239BBFA4003A9F3B /* Frameworks */ = {
			isa = PBXFrameworksBuildPhase;
			buildActionMask = 2147483647;
			files = (
			);
			runOnlyForDeploymentPostprocessing = 0;
		};
/* End PBXFrameworksBuildPhase section */

/* Begin PBXGroup section */
		F94CA644239D20D4002E0FAF /* Observer */ = {
			isa = PBXGroup;
			children = (
				F94CA645239D20E0002E0FAF /* UserInterfaceStyleManager.swift */,
				F94CA646239D20E0002E0FAF /* UserInterfaceStyleObserver.swift */,
				F94CA647239D20E0002E0FAF /* WeakStyleObserver.swift */,
			);
			path = Observer;
			sourceTree = "<group>";
		};
		F99579B8239BBFA4003A9F3B = {
			isa = PBXGroup;
			children = (
				F99579C3239BBFA4003A9F3B /* SwiftSenpai-Observer-In-App-Dark-Mode */,
				F99579C2239BBFA4003A9F3B /* Products */,
			);
			sourceTree = "<group>";
		};
		F99579C2239BBFA4003A9F3B /* Products */ = {
			isa = PBXGroup;
			children = (
				F99579C1239BBFA4003A9F3B /* SwiftSenpai-Observer-In-App-Dark-Mode.app */,
			);
			name = Products;
			sourceTree = "<group>";
		};
		F99579C3239BBFA4003A9F3B /* SwiftSenpai-Observer-In-App-Dark-Mode */ = {
			isa = PBXGroup;
			children = (
				F94CA644239D20D4002E0FAF /* Observer */,
				F99579C4239BBFA4003A9F3B /* AppDelegate.swift */,
				F99579C6239BBFA4003A9F3B /* SceneDelegate.swift */,
				F99579D8239C0C64003A9F3B /* SettingsViewController.swift */,
				F99579DA239C0C7A003A9F3B /* LightModeOnlyViewController.swift */,
				F99579CA239BBFA5003A9F3B /* Main.storyboard */,
				F99579CD239BBFAB003A9F3B /* Assets.xcassets */,
				F99579CF239BBFAB003A9F3B /* LaunchScreen.storyboard */,
				F99579D2239BBFAB003A9F3B /* Info.plist */,
				F91F5691239D28C0006E67BF /* MainViewController.swift */,
				F91F5695239D2B00006E67BF /* MyNavigationController.swift */,
				F9A938C1239F2756007F4E63 /* KSRoundedCornerView.swift */,
			);
			path = "SwiftSenpai-Observer-In-App-Dark-Mode";
			sourceTree = "<group>";
		};
/* End PBXGroup section */

/* Begin PBXNativeTarget section */
		F99579C0239BBFA4003A9F3B /* SwiftSenpai-Observer-In-App-Dark-Mode */ = {
			isa = PBXNativeTarget;
			buildConfigurationList = F99579D5239BBFAB003A9F3B /* Build configuration list for PBXNativeTarget "SwiftSenpai-Observer-In-App-Dark-Mode" */;
			buildPhases = (
				F99579BD239BBFA4003A9F3B /* Sources */,
				F99579BE239BBFA4003A9F3B /* Frameworks */,
				F99579BF239BBFA4003A9F3B /* Resources */,
			);
			buildRules = (
			);
			dependencies = (
			);
			name = "SwiftSenpai-Observer-In-App-Dark-Mode";
			productName = "SwiftSenpai-Observer-In-App-Dark-Mode";
			productReference = F99579C1239BBFA4003A9F3B /* SwiftSenpai-Observer-In-App-Dark-Mode.app */;
			productType = "com.apple.product-type.application";
		};
/* End PBXNativeTarget section */

/* Begin PBXProject section */
		F99579B9239BBFA4003A9F3B /* Project object */ = {
			isa = PBXProject;
			attributes = {
				LastSwiftUpdateCheck = 1120;
				LastUpgradeCheck = 1200;
				ORGANIZATIONNAME = "Lee Kah Seng";
				TargetAttributes = {
					F99579C0239BBFA4003A9F3B = {
						CreatedOnToolsVersion = 11.2.1;
					};
				};
			};
			buildConfigurationList = F99579BC239BBFA4003A9F3B /* Build configuration list for PBXProject "SwiftSenpai-Observer-In-App-Dark-Mode" */;
			compatibilityVersion = "Xcode 9.3";
			developmentRegion = en;
			hasScannedForEncodings = 0;
			knownRegions = (
				en,
				Base,
			);
			mainGroup = F99579B8239BBFA4003A9F3B;
			productRefGroup = F99579C2239BBFA4003A9F3B /* Products */;
			projectDirPath = "";
			projectRoot = "";
			targets = (
				F99579C0239BBFA4003A9F3B /* SwiftSenpai-Observer-In-App-Dark-Mode */,
			);
		};
/* End PBXProject section */

/* Begin PBXResourcesBuildPhase section */
		F99579BF239BBFA4003A9F3B /* Resources */ = {
			isa = PBXResourcesBuildPhase;
			buildActionMask = 2147483647;
			files = (
				F99579D1239BBFAB003A9F3B /* LaunchScreen.storyboard in Resources */,
				F99579CE239BBFAB003A9F3B /* Assets.xcassets in Resources */,
				F99579CC239BBFA5003A9F3B /* Main.storyboard in Resources */,
			);
			runOnlyForDeploymentPostprocessing = 0;
		};
/* End PBXResourcesBuildPhase section */

/* Begin PBXSourcesBuildPhase section */
		F99579BD239BBFA4003A9F3B /* Sources */ = {
			isa = PBXSourcesBuildPhase;
			buildActionMask = 2147483647;
			files = (
				F99579C5239BBFA4003A9F3B /* AppDelegate.swift in Sources */,
				F94CA648239D20E0002E0FAF /* UserInterfaceStyleManager.swift in Sources */,
				F94CA64A239D20E0002E0FAF /* WeakStyleObserver.swift in Sources */,
				F91F5696239D2B00006E67BF /* MyNavigationController.swift in Sources */,
				F99579C7239BBFA4003A9F3B /* SceneDelegate.swift in Sources */,
				F9A938C2239F2756007F4E63 /* KSRoundedCornerView.swift in Sources */,
				F99579D9239C0C64003A9F3B /* SettingsViewController.swift in Sources */,
				F94CA649239D20E0002E0FAF /* UserInterfaceStyleObserver.swift in Sources */,
				F99579DB239C0C7A003A9F3B /* LightModeOnlyViewController.swift in Sources */,
				F91F5692239D28C0006E67BF /* MainViewController.swift in Sources */,
			);
			runOnlyForDeploymentPostprocessing = 0;
		};
/* End PBXSourcesBuildPhase section */

/* Begin PBXVariantGroup section */
		F99579CA239BBFA5003A9F3B /* Main.storyboard */ = {
			isa = PBXVariantGroup;
			children = (
				F99579CB239BBFA5003A9F3B /* Base */,
			);
			name = Main.storyboard;
			sourceTree = "<group>";
		};
		F99579CF239BBFAB003A9F3B /* LaunchScreen.storyboard */ = {
			isa = PBXVariantGroup;
			children = (
				F99579D0239BBFAB003A9F3B /* Base */,
			);
			name = LaunchScreen.storyboard;
			sourceTree = "<group>";
		};
/* End PBXVariantGroup section */

/* Begin XCBuildConfiguration section */
		F99579D3239BBFAB003A9F3B /* Debug */ = {
			isa = XCBuildConfiguration;
			buildSettings = {
				ALWAYS_SEARCH_USER_PATHS = NO;
				CLANG_ANALYZER_NONNULL = YES;
				CLANG_ANALYZER_NUMBER_OBJECT_CONVERSION = YES_AGGRESSIVE;
				CLANG_CXX_LANGUAGE_STANDARD = "gnu++14";
				CLANG_CXX_LIBRARY = "libc++";
				CLANG_ENABLE_MODULES = YES;
				CLANG_ENABLE_OBJC_ARC = YES;
				CLANG_ENABLE_OBJC_WEAK = YES;
				CLANG_WARN_BLOCK_CAPTURE_AUTORELEASING = YES;
				CLANG_WARN_BOOL_CONVERSION = YES;
				CLANG_WARN_COMMA = YES;
				CLANG_WARN_CONSTANT_CONVERSION = YES;
				CLANG_WARN_DEPRECATED_OBJC_IMPLEMENTATIONS = YES;
				CLANG_WARN_DIRECT_OBJC_ISA_USAGE = YES_ERROR;
				CLANG_WARN_DOCUMENTATION_COMMENTS = YES;
				CLANG_WARN_EMPTY_BODY = YES;
				CLANG_WARN_ENUM_CONVERSION = YES;
				CLANG_WARN_INFINITE_RECURSION = YES;
				CLANG_WARN_INT_CONVERSION = YES;
				CLANG_WARN_NON_LITERAL_NULL_CONVERSION = YES;
				CLANG_WARN_OBJC_IMPLICIT_RETAIN_SELF = YES;
				CLANG_WARN_OBJC_LITERAL_CONVERSION = YES;
				CLANG_WARN_OBJC_ROOT_CLASS = YES_ERROR;
				CLANG_WARN_QUOTED_INCLUDE_IN_FRAMEWORK_HEADER = YES;
				CLANG_WARN_RANGE_LOOP_ANALYSIS = YES;
				CLANG_WARN_STRICT_PROTOTYPES = YES;
				CLANG_WARN_SUSPICIOUS_MOVE = YES;
				CLANG_WARN_UNGUARDED_AVAILABILITY = YES_AGGRESSIVE;
				CLANG_WARN_UNREACHABLE_CODE = YES;
				CLANG_WARN__DUPLICATE_METHOD_MATCH = YES;
				COPY_PHASE_STRIP = NO;
				DEBUG_INFORMATION_FORMAT = dwarf;
				ENABLE_STRICT_OBJC_MSGSEND = YES;
				ENABLE_TESTABILITY = YES;
				GCC_C_LANGUAGE_STANDARD = gnu11;
				GCC_DYNAMIC_NO_PIC = NO;
				GCC_NO_COMMON_BLOCKS = YES;
				GCC_OPTIMIZATION_LEVEL = 0;
				GCC_PREPROCESSOR_DEFINITIONS = (
					"DEBUG=1",
					"$(inherited)",
				);
				GCC_WARN_64_TO_32_BIT_CONVERSION = YES;
				GCC_WARN_ABOUT_RETURN_TYPE = YES_ERROR;
				GCC_WARN_UNDECLARED_SELECTOR = YES;
				GCC_WARN_UNINITIALIZED_AUTOS = YES_AGGRESSIVE;
				GCC_WARN_UNUSED_FUNCTION = YES;
				GCC_WARN_UNUSED_VARIABLE = YES;
				IPHONEOS_DEPLOYMENT_TARGET = 13.2;
				MTL_ENABLE_DEBUG_INFO = INCLUDE_SOURCE;
				MTL_FAST_MATH = YES;
				ONLY_ACTIVE_ARCH = YES;
				SDKROOT = iphoneos;
				SWIFT_ACTIVE_COMPILATION_CONDITIONS = DEBUG;
				SWIFT_OPTIMIZATION_LEVEL = "-Onone";
			};
			name = Debug;
		};
		F99579D4239BBFAB003A9F3B /* Release */ = {
			isa = XCBuildConfiguration;
			buildSettings = {
				ALWAYS_SEARCH_USER_PATHS = NO;
				CLANG_ANALYZER_NONNULL = YES;
				CLANG_ANALYZER_NUMBER_OBJECT_CONVERSION = YES_AGGRESSIVE;
				CLANG_CXX_LANGUAGE_STANDARD = "gnu++14";
				CLANG_CXX_LIBRARY = "libc++";
				CLANG_ENABLE_MODULES = YES;
				CLANG_ENABLE_OBJC_ARC = YES;
				CLANG_ENABLE_OBJC_WEAK = YES;
				CLANG_WARN_BLOCK_CAPTURE_AUTORELEASING = YES;
				CLANG_WARN_BOOL_CONVERSION = YES;
				CLANG_WARN_COMMA = YES;
				CLANG_WARN_CONSTANT_CONVERSION = YES;
				CLANG_WARN_DEPRECATED_OBJC_IMPLEMENTATIONS = YES;
				CLANG_WARN_DIRECT_OBJC_ISA_USAGE = YES_ERROR;
				CLANG_WARN_DOCUMENTATION_COMMENTS = YES;
				CLANG_WARN_EMPTY_BODY = YES;
				CLANG_WARN_ENUM_CONVERSION = YES;
				CLANG_WARN_INFINITE_RECURSION = YES;
				CLANG_WARN_INT_CONVERSION = YES;
				CLANG_WARN_NON_LITERAL_NULL_CONVERSION = YES;
				CLANG_WARN_OBJC_IMPLICIT_RETAIN_SELF = YES;
				CLANG_WARN_OBJC_LITERAL_CONVERSION = YES;
				CLANG_WARN_OBJC_ROOT_CLASS = YES_ERROR;
				CLANG_WARN_QUOTED_INCLUDE_IN_FRAMEWORK_HEADER = YES;
				CLANG_WARN_RANGE_LOOP_ANALYSIS = YES;
				CLANG_WARN_STRICT_PROTOTYPES = YES;
				CLANG_WARN_SUSPICIOUS_MOVE = YES;
				CLANG_WARN_UNGUARDED_AVAILABILITY = YES_AGGRESSIVE;
				CLANG_WARN_UNREACHABLE_CODE = YES;
				CLANG_WARN__DUPLICATE_METHOD_MATCH = YES;
				COPY_PHASE_STRIP = NO;
				DEBUG_INFORMATION_FORMAT = "dwarf-with-dsym";
				ENABLE_NS_ASSERTIONS = NO;
				ENABLE_STRICT_OBJC_MSGSEND = YES;
				GCC_C_LANGUAGE_STANDARD = gnu11;
				GCC_NO_COMMON_BLOCKS = YES;
				GCC_WARN_64_TO_32_BIT_CONVERSION = YES;
				GCC_WARN_ABOUT_RETURN_TYPE = YES_ERROR;
				GCC_WARN_UNDECLARED_SELECTOR = YES;
				GCC_WARN_UNINITIALIZED_AUTOS = YES_AGGRESSIVE;
				GCC_WARN_UNUSED_FUNCTION = YES;
				GCC_WARN_UNUSED_VARIABLE = YES;
				IPHONEOS_DEPLOYMENT_TARGET = 13.2;
				MTL_ENABLE_DEBUG_INFO = NO;
				MTL_FAST_MATH = YES;
				SDKROOT = iphoneos;
				SWIFT_COMPILATION_MODE = wholemodule;
				SWIFT_OPTIMIZATION_LEVEL = "-O";
				VALIDATE_PRODUCT = YES;
			};
			name = Release;
		};
		F99579D6239BBFAB003A9F3B /* Debug */ = {
			isa = XCBuildConfiguration;
			buildSettings = {
				ASSETCATALOG_COMPILER_APPICON_NAME = AppIcon;
				CODE_SIGN_STYLE = Automatic;
				DEVELOPMENT_TEAM = SM42V25455;
				INFOPLIST_FILE = "SwiftSenpai-Observer-In-App-Dark-Mode/Info.plist";
				LD_RUNPATH_SEARCH_PATHS = (
					"$(inherited)",
					"@executable_path/Frameworks",
				);
				PRODUCT_BUNDLE_IDENTIFIER = "com.LeeKahSeng.SwiftSenpai-Observer-In-App-Dark-Mode";
				PRODUCT_NAME = "$(TARGET_NAME)";
				SWIFT_VERSION = 5.0;
				TARGETED_DEVICE_FAMILY = 1;
			};
			name = Debug;
		};
		F99579D7239BBFAB003A9F3B /* Release */ = {
			isa = XCBuildConfiguration;
			buildSettings = {
				ASSETCATALOG_COMPILER_APPICON_NAME = AppIcon;
				CODE_SIGN_STYLE = Automatic;
				DEVELOPMENT_TEAM = SM42V25455;
				INFOPLIST_FILE = "SwiftSenpai-Observer-In-App-Dark-Mode/Info.plist";
				LD_RUNPATH_SEARCH_PATHS = (
					"$(inherited)",
					"@executable_path/Frameworks",
				);
				PRODUCT_BUNDLE_IDENTIFIER = "com.LeeKahSeng.SwiftSenpai-Observer-In-App-Dark-Mode";
				PRODUCT_NAME = "$(TARGET_NAME)";
				SWIFT_VERSION = 5.0;
				TARGETED_DEVICE_FAMILY = 1;
			};
			name = Release;
		};
/* End XCBuildConfiguration section */

/* Begin XCConfigurationList section */
		F99579BC239BBFA4003A9F3B /* Build configuration list for PBXProject "SwiftSenpai-Observer-In-App-Dark-Mode" */ = {
			isa = XCConfigurationList;
			buildConfigurations = (
				F99579D3239BBFAB003A9F3B /* Debug */,
				F99579D4239BBFAB003A9F3B /* Release */,
			);
			defaultConfigurationIsVisible = 0;
			defaultConfigurationName = Release;
		};
		F99579D5239BBFAB003A9F3B /* Build configuration list for PBXNativeTarget "SwiftSenpai-Observer-In-App-Dark-Mode" */ = {
			isa = XCConfigurationList;
			buildConfigurations = (
				F99579D6239BBFAB003A9F3B /* Debug */,
				F99579D7239BBFAB003A9F3B /* Release */,
			);
			defaultConfigurationIsVisible = 0;
			defaultConfigurationName = Release;
		};
/* End XCConfigurationList section */
	};
	rootObject = F99579B9239BBFA4003A9F3B /* Project object */;
}
